
Microsoft Visual Studio Solution File, Format Version 12.00
# Visual Studio 15
VisualStudioVersion = 15.0.28307.106
MinimumVisualStudioVersion = 10.0.40219.1
Project("{9A19103F-16F7-4668-BE54-9A1E7A4F7556}") = "RewardRecycle", "RewardRecycle\RewardRecycle.csproj", "{9C082A3F-D255-4F0B-87A7-A3FE3A456E28}"
EndProject
Project("{FAE04EC0-301F-11D3-BF4B-00C04F79EFBC}") = "ToDoApi", "ToDoApi\ToDoApi.csproj", "{F2953F65-103D-43B3-8A37-600FDEB927D6}"
EndProject
Global
	GlobalSection(SolutionConfigurationPlatforms) = preSolution
		Debug|Any CPU = Debug|Any CPU
		Release|Any CPU = Release|Any CPU
	EndGlobalSection
	GlobalSection(ProjectConfigurationPlatforms) = postSolution
		{9C082A3F-D255-4F0B-87A7-A3FE3A456E28}.Debug|Any CPU.ActiveCfg = Debug|Any CPU
		{9C082A3F-D255-4F0B-87A7-A3FE3A456E28}.Debug|Any CPU.Build.0 = Debug|Any CPU
		{9C082A3F-D255-4F0B-87A7-A3FE3A456E28}.Release|Any CPU.ActiveCfg = Release|Any CPU
		{9C082A3F-D255-4F0B-87A7-A3FE3A456E28}.Release|Any CPU.Build.0 = Release|Any CPU
		{F2953F65-103D-43B3-8A37-600FDEB927D6}.Debug|Any CPU.ActiveCfg = Debug|Any CPU
		{F2953F65-103D-43B3-8A37-600FDEB927D6}.Debug|Any CPU.Build.0 = Debug|Any CPU
		{F2953F65-103D-43B3-8A37-600FDEB927D6}.Release|Any CPU.ActiveCfg = Release|Any CPU
		{F2953F65-103D-43B3-8A37-600FDEB927D6}.Release|Any CPU.Build.0 = Release|Any CPU
	EndGlobalSection
	GlobalSection(SolutionProperties) = preSolution
		HideSolutionNode = FALSE
	EndGlobalSection
	GlobalSection(ExtensibilityGlobals) = postSolution
		SolutionGuid = {B1075D1A-9489-4187-92B9-F2A5CCA180E5}
	EndGlobalSection
EndGlobal
